<?xml version="1.0" encoding="utf-8"?>
<Project ToolsVersion="4.0" xmlns="http://schemas.microsoft.com/developer/msbuild/2003">
  <ItemGroup>
    <ClCompile Include="myApp.cpp" />
    <ClCompile Include="algorithm.cpp">
      <Filter>sources</Filter>
    </ClCompile>
  </ItemGroup>
  <ItemGroup>
    <Filter Include="headers">
      <UniqueIdentifier>{300f7b04-4ac7-401c-a088-98b5db020677}</UniqueIdentifier>
    </Filter>
    <Filter Include="sources">
      <UniqueIdentifier>{21fc752f-598a-4856-98f9-b9da53ac264e}</UniqueIdentifier>
    </Filter>
  </ItemGroup>
  <ItemGroup>
    <ClInclude Include="point.h">
      <Filter>headers</Filter>
    </ClInclude>
    <ClInclude Include="algorithm.h">
      <Filter>headers</Filter>
    </ClInclude>
  </ItemGroup>
  <ItemGroup>
    <CudaCompile Include="kernel.cu">
      <Filter>sources</Filter>
    </CudaCompile>
  </ItemGroup>
</Project>